
Microsoft Visual Studio Solution File, Format Version 12.00
Project("{FAE04EC0-301F-11D3-BF4B-00C04F79EFBC}") = "APBD_Task10.API", "src\APBD_Task10.API\APBD_Task10.API.csproj", "{95958DC0-04BB-494F-B30B-4A656489603F}"
EndProject
Project("{FAE04EC0-301F-11D3-BF4B-00C04F79EFBC}") = "APBD_Task10.Models", "src\APBD_Task10.Models\APBD_Task10.Models.csproj", "{9F922DDE-0A46-4328-B813-F5FE9AF7603B}"
EndProject
Project("{FAE04EC0-301F-11D3-BF4B-00C04F79EFBC}") = "APBD_Task10.Application", "src\APBD_Task10.Application\APBD_Task10.Application.csproj", "{A1136D43-4F54-44C5-98F2-D274681DF64D}"
EndProject
Project("{FAE04EC0-301F-11D3-BF4B-00C04F79EFBC}") = "APBD_Task10.Repositories", "src\APBD_Task10.Repositories\APBD_Task10.Repositories.csproj", "{DB15F631-8011-481A-A255-CBED87ADCABC}"
EndProject
Global
	GlobalSection(SolutionConfigurationPlatforms) = preSolution
		Debug|Any CPU = Debug|Any CPU
		Release|Any CPU = Release|Any CPU
	EndGlobalSection
	GlobalSection(ProjectConfigurationPlatforms) = postSolution
		{95958DC0-04BB-494F-B30B-4A656489603F}.Debug|Any CPU.ActiveCfg = Debug|Any CPU
		{95958DC0-04BB-494F-B30B-4A656489603F}.Debug|Any CPU.Build.0 = Debug|Any CPU
		{95958DC0-04BB-494F-B30B-4A656489603F}.Release|Any CPU.ActiveCfg = Release|Any CPU
		{95958DC0-04BB-494F-B30B-4A656489603F}.Release|Any CPU.Build.0 = Release|Any CPU
		{9F922DDE-0A46-4328-B813-F5FE9AF7603B}.Debug|Any CPU.ActiveCfg = Debug|Any CPU
		{9F922DDE-0A46-4328-B813-F5FE9AF7603B}.Debug|Any CPU.Build.0 = Debug|Any CPU
		{9F922DDE-0A46-4328-B813-F5FE9AF7603B}.Release|Any CPU.ActiveCfg = Release|Any CPU
		{9F922DDE-0A46-4328-B813-F5FE9AF7603B}.Release|Any CPU.Build.0 = Release|Any CPU
		{A1136D43-4F54-44C5-98F2-D274681DF64D}.Debug|Any CPU.ActiveCfg = Debug|Any CPU
		{A1136D43-4F54-44C5-98F2-D274681DF64D}.Debug|Any CPU.Build.0 = Debug|Any CPU
		{A1136D43-4F54-44C5-98F2-D274681DF64D}.Release|Any CPU.ActiveCfg = Release|Any CPU
		{A1136D43-4F54-44C5-98F2-D274681DF64D}.Release|Any CPU.Build.0 = Release|Any CPU
		{DB15F631-8011-481A-A255-CBED87ADCABC}.Debug|Any CPU.ActiveCfg = Debug|Any CPU
		{DB15F631-8011-481A-A255-CBED87ADCABC}.Debug|Any CPU.Build.0 = Debug|Any CPU
		{DB15F631-8011-481A-A255-CBED87ADCABC}.Release|Any CPU.ActiveCfg = Release|Any CPU
		{DB15F631-8011-481A-A255-CBED87ADCABC}.Release|Any CPU.Build.0 = Release|Any CPU
	EndGlobalSection
EndGlobal
